
Microsoft Visual Studio Solution File, Format Version 12.00
# Visual Studio Version 17
VisualStudioVersion = 17.5.33414.496
MinimumVisualStudioVersion = 10.0.40219.1
Project("{FAE04EC0-301F-11D3-BF4B-00C04F79EFBC}") = "BlinkDramaApi", "BlinkDramaApi.csproj", "{4EEFFFD8-B83C-4466-8BE8-2B9E78C2D927}"
EndProject
Global
	GlobalSection(SolutionConfigurationPlatforms) = preSolution
		Debug|Any CPU = Debug|Any CPU
		Release|Any CPU = Release|Any CPU
	EndGlobalSection
	GlobalSection(ProjectConfigurationPlatforms) = postSolution
		{4EEFFFD8-B83C-4466-8BE8-2B9E78C2D927}.Debug|Any CPU.ActiveCfg = Debug|Any CPU
		{4EEFFFD8-B83C-4466-8BE8-2B9E78C2D927}.Debug|Any CPU.Build.0 = Debug|Any CPU
		{4EEFFFD8-B83C-4466-8BE8-2B9E78C2D927}.Release|Any CPU.ActiveCfg = Release|Any CPU
		{4EEFFFD8-B83C-4466-8BE8-2B9E78C2D927}.Release|Any CPU.Build.0 = Release|Any CPU
	EndGlobalSection
	GlobalSection(SolutionProperties) = preSolution
		HideSolutionNode = FALSE
	EndGlobalSection
	GlobalSection(ExtensibilityGlobals) = postSolution
		SolutionGuid = {9B93B7FB-52F8-4F2C-B319-2EAACE4854DD}
	EndGlobalSection
EndGlobal
